
Microsoft Visual Studio Solution File, Format Version 12.00
# Visual Studio 15
VisualStudioVersion = 15.0.26228.9
MinimumVisualStudioVersion = 10.0.40219.1
Project("{FAE04EC0-301F-11D3-BF4B-00C04F79EFBC}") = "FoodAndDrinksApp", "WindowsFormsApp1\FoodAndDrinksApp.csproj", "{FBDBB749-B6F0-4451-BD68-8EAC9B4B2035}"
EndProject
Project("{54435603-DBB4-11D2-8724-00A0C9A8B90C}") = "FoodAndDrinksAppSetup", "FoodAndDrinksAppSetup\FoodAndDrinksAppSetup.vdproj", "{611FB778-6A3F-40EE-9D89-BC79030E8E5C}"
EndProject
Global
	GlobalSection(SolutionConfigurationPlatforms) = preSolution
		Debug|Any CPU = Debug|Any CPU
		Release|Any CPU = Release|Any CPU
	EndGlobalSection
	GlobalSection(ProjectConfigurationPlatforms) = postSolution
		{FBDBB749-B6F0-4451-BD68-8EAC9B4B2035}.Debug|Any CPU.ActiveCfg = Debug|Any CPU
		{FBDBB749-B6F0-4451-BD68-8EAC9B4B2035}.Debug|Any CPU.Build.0 = Debug|Any CPU
		{FBDBB749-B6F0-4451-BD68-8EAC9B4B2035}.Release|Any CPU.ActiveCfg = Release|Any CPU
		{FBDBB749-B6F0-4451-BD68-8EAC9B4B2035}.Release|Any CPU.Build.0 = Release|Any CPU
		{611FB778-6A3F-40EE-9D89-BC79030E8E5C}.Debug|Any CPU.ActiveCfg = Debug
		{611FB778-6A3F-40EE-9D89-BC79030E8E5C}.Release|Any CPU.ActiveCfg = Release
	EndGlobalSection
	GlobalSection(SolutionProperties) = preSolution
		HideSolutionNode = FALSE
	EndGlobalSection
EndGlobal
